
Microsoft Visual Studio Solution File, Format Version 12.00
# Visual Studio Version 16
VisualStudioVersion = 16.0.30114.105
MinimumVisualStudioVersion = 10.0.40219.1
Project("{888888A0-9F3D-457C-B088-3A5042F75D52}") = "PyMoneyOrga", "PyMoneyOrga\PyMoneyOrga.pyproj", "{9FFBB5D4-42DD-40D6-92D4-AFEA5E6A61F9}"
EndProject
Global
	GlobalSection(SolutionConfigurationPlatforms) = preSolution
		Debug|Any CPU = Debug|Any CPU
		Release|Any CPU = Release|Any CPU
	EndGlobalSection
	GlobalSection(ProjectConfigurationPlatforms) = postSolution
		{9FFBB5D4-42DD-40D6-92D4-AFEA5E6A61F9}.Debug|Any CPU.ActiveCfg = Debug|Any CPU
		{9FFBB5D4-42DD-40D6-92D4-AFEA5E6A61F9}.Release|Any CPU.ActiveCfg = Release|Any CPU
	EndGlobalSection
	GlobalSection(SolutionProperties) = preSolution
		HideSolutionNode = FALSE
	EndGlobalSection
	GlobalSection(ExtensibilityGlobals) = postSolution
		SolutionGuid = {9498C3C7-F3CD-48EF-857C-F9D2A3F81F1D}
	EndGlobalSection
EndGlobal
